
Microsoft Visual Studio Solution File, Format Version 12.00
# Visual Studio 15
VisualStudioVersion = 15.0.27703.2035
MinimumVisualStudioVersion = 10.0.40219.1
Project("{FAE04EC0-301F-11D3-BF4B-00C04F79EFBC}") = "FirstHW", "FirstHW\FirstHW.csproj", "{48460476-F94A-410E-BD8C-8B27DBFA4823}"
EndProject
Global
	GlobalSection(SolutionConfigurationPlatforms) = preSolution
		Debug|Any CPU = Debug|Any CPU
		Release|Any CPU = Release|Any CPU
	EndGlobalSection
	GlobalSection(ProjectConfigurationPlatforms) = postSolution
		{48460476-F94A-410E-BD8C-8B27DBFA4823}.Debug|Any CPU.ActiveCfg = Debug|Any CPU
		{48460476-F94A-410E-BD8C-8B27DBFA4823}.Debug|Any CPU.Build.0 = Debug|Any CPU
		{48460476-F94A-410E-BD8C-8B27DBFA4823}.Release|Any CPU.ActiveCfg = Release|Any CPU
		{48460476-F94A-410E-BD8C-8B27DBFA4823}.Release|Any CPU.Build.0 = Release|Any CPU
	EndGlobalSection
	GlobalSection(SolutionProperties) = preSolution
		HideSolutionNode = FALSE
	EndGlobalSection
	GlobalSection(ExtensibilityGlobals) = postSolution
		SolutionGuid = {4C1451AB-6B89-44EA-BC31-623384E889E6}
	EndGlobalSection
EndGlobal
